
Microsoft Visual Studio Solution File, Format Version 12.00
# Visual Studio Version 16
VisualStudioVersion = 16.0.32228.343
MinimumVisualStudioVersion = 10.0.40219.1
Project("{2150E333-8FDC-42A3-9474-1A3956D46DE8}") = "01 kintamieji", "01 kintamieji", "{7BF1B990-7AE9-465F-B3F8-7370989FF247}"
EndProject
Project("{2150E333-8FDC-42A3-9474-1A3956D46DE8}") = "02 isvedimas", "02 isvedimas", "{D0A2B3B0-6EC5-457A-8AB4-16C4B1A00298}"
EndProject
Project("{2150E333-8FDC-42A3-9474-1A3956D46DE8}") = "test", "test", "{FC8B9680-4141-48FE-96BC-04B737902AB8}"
EndProject
Project("{FAE04EC0-301F-11D3-BF4B-00C04F79EFBC}") = "pirmaPrograma", "pirmaPrograma\pirmaPrograma.csproj", "{3B6E5B39-1DD6-4A08-97EE-3FF70C06FBC1}"
EndProject
Project("{FAE04EC0-301F-11D3-BF4B-00C04F79EFBC}") = "kintamujuAprasymas", "kintamujuAprasymas\kintamujuAprasymas.csproj", "{CDBB4F07-A533-4A97-8704-6CB26588C8C8}"
EndProject
Project("{FAE04EC0-301F-11D3-BF4B-00C04F79EFBC}") = "TestIsvedimoBudai", "TestIsvedimoBudai\TestIsvedimoBudai.csproj", "{60730376-81EF-45C9-BD0E-4F88904B5534}"
EndProject
Project("{FAE04EC0-301F-11D3-BF4B-00C04F79EFBC}") = "uzduotis1", "uzduotis1\uzduotis1.csproj", "{77FC6863-2087-4076-9BA2-6CD4CFD75909}"
EndProject
Project("{FAE04EC0-301F-11D3-BF4B-00C04F79EFBC}") = "uzduotis2", "uzduotis2\uzduotis2.csproj", "{3984C929-CB32-4BA4-9774-8E448B02E807}"
EndProject
Project("{FAE04EC0-301F-11D3-BF4B-00C04F79EFBC}") = "TestaiNamuDarbai", "TestaiNamuDarbai\TestaiNamuDarbai.csproj", "{97880CC5-7D15-4205-A248-830FDEF2055E}"
EndProject
Project("{FAE04EC0-301F-11D3-BF4B-00C04F79EFBC}") = "aritmetiks", "aritmetiks\aritmetiks.csproj", "{C224B670-F1FD-42B6-9693-E57C33F46DE2}"
EndProject
Project("{2150E333-8FDC-42A3-9474-1A3956D46DE8}") = "03 aritmetiniaiVeiksmai", "03 aritmetiniaiVeiksmai", "{FF68B406-2101-47F6-9AA7-11E6C5CCFD2C}"
EndProject
Project("{FAE04EC0-301F-11D3-BF4B-00C04F79EFBC}") = "uzduotis3", "uzduotis3\uzduotis3.csproj", "{8471A8CA-5FF0-46AA-87C8-574077D74A7C}"
EndProject
Project("{2150E333-8FDC-42A3-9474-1A3956D46DE8}") = "04 ivedimas", "04 ivedimas", "{33ADF513-3524-4BC5-9B5E-8D4E1FDC60BE}"
EndProject
Project("{FAE04EC0-301F-11D3-BF4B-00C04F79EFBC}") = "uzduotis5", "uzduotis5\uzduotis5.csproj", "{CA036E5D-9BBE-4261-920A-5044C4ACA14D}"
EndProject
Project("{FAE04EC0-301F-11D3-BF4B-00C04F79EFBC}") = "uzduotis6", "uzduotis6\uzduotis6.csproj", "{6D28CB6A-8E0D-4D89-98B6-F4D1CE17CC42}"
EndProject
Project("{FAE04EC0-301F-11D3-BF4B-00C04F79EFBC}") = "uzduotis4", "uzduotis4\uzduotis4.csproj", "{86CB409B-EEE1-4140-8A7E-4FA59ACB6F55}"
EndProject
Project("{FAE04EC0-301F-11D3-BF4B-00C04F79EFBC}") = "bandymai", "bandymai\bandymai.csproj", "{501F4E3F-656F-407B-984C-332206017EAD}"
EndProject
Project("{FAE04EC0-301F-11D3-BF4B-00C04F79EFBC}") = "Ivedimai", "Ivedimai\Ivedimai.csproj", "{198FA81B-9E0C-47C8-B6C1-DA016C327E1E}"
EndProject
Project("{2150E333-8FDC-42A3-9474-1A3956D46DE8}") = "05 ifElse", "05 ifElse", "{7E809C27-DC36-4CE9-AE6C-3867796D979B}"
EndProject
Project("{FAE04EC0-301F-11D3-BF4B-00C04F79EFBC}") = "uzduotis7", "uzduotis7\uzduotis7.csproj", "{E96C606F-5D72-496C-BF4C-47C639C8669D}"
EndProject
Project("{FAE04EC0-301F-11D3-BF4B-00C04F79EFBC}") = "uzduotis9", "uzduotis9\uzduotis9.csproj", "{C1090E4D-14CC-4372-9979-10EB79EE7A70}"
EndProject
Project("{FAE04EC0-301F-11D3-BF4B-00C04F79EFBC}") = "uzduotis10", "uzduotis10\uzduotis10.csproj", "{C47A2C7C-459C-49BA-ACB2-973D3B456C2C}"
EndProject
Project("{FAE04EC0-301F-11D3-BF4B-00C04F79EFBC}") = "uzduotis8", "uzduotis8\uzduotis8.csproj", "{E79A60E1-027B-491B-B836-C92ECF601352}"
EndProject
Project("{2150E333-8FDC-42A3-9474-1A3956D46DE8}") = "07switch", "07switch", "{E910E2B9-64DF-45A3-9BCE-19741469C845}"
EndProject
Project("{FAE04EC0-301F-11D3-BF4B-00C04F79EFBC}") = "uzduotis11", "uzduotis11\uzduotis11.csproj", "{46F515C2-C7C1-4800-BE09-D73FC6CB467B}"
EndProject
Project("{2150E333-8FDC-42A3-9474-1A3956D46DE8}") = "06 for Loop", "06 for Loop", "{34B13925-09FC-4514-B9A3-A16BEBF2E469}"
EndProject
Project("{FAE04EC0-301F-11D3-BF4B-00C04F79EFBC}") = "uzduotis13", "uzduotis13\uzduotis13.csproj", "{D482822A-4E9B-4AEA-908B-AD8704E8F14B}"
EndProject
Project("{FAE04EC0-301F-11D3-BF4B-00C04F79EFBC}") = "uzduotis12", "uzduotis12\uzduotis12.csproj", "{B82F5877-64D7-459E-9B1F-C98E23043DD2}"
EndProject
Project("{FAE04EC0-301F-11D3-BF4B-00C04F79EFBC}") = "uzduotis14", "uzduotis14\uzduotis14.csproj", "{5960D202-06D6-4D97-87DD-B0B64C104B74}"
EndProject
Project("{2150E333-8FDC-42A3-9474-1A3956D46DE8}") = "08WhileLoop", "08WhileLoop", "{C7692155-2A99-4A31-BAD0-B91F681E20CA}"
EndProject
Project("{FAE04EC0-301F-11D3-BF4B-00C04F79EFBC}") = "uzduotis15", "uzduotis15\uzduotis15.csproj", "{7667DF38-5C2B-4D6D-940B-21E75FCCD342}"
EndProject
Project("{FAE04EC0-301F-11D3-BF4B-00C04F79EFBC}") = "paskaitosDarbai", "paskaitosDarbai\paskaitosDarbai.csproj", "{BAA4959A-FB40-406D-B867-428FE9EEAD4B}"
EndProject
Project("{2150E333-8FDC-42A3-9474-1A3956D46DE8}") = "09 masyvai", "09 masyvai", "{6DA7D768-2E58-4C88-AAA2-6B026A98FC1F}"
EndProject
Project("{FAE04EC0-301F-11D3-BF4B-00C04F79EFBC}") = "uzduotis16", "uzduotis16\uzduotis16.csproj", "{3FA40DBA-9C62-45A2-B6CA-F9F5D319BF69}"
EndProject
Project("{FAE04EC0-301F-11D3-BF4B-00C04F79EFBC}") = "namuDarbai23", "namuDarbai23\namuDarbai23.csproj", "{0DBDDA78-BEE3-4501-B68E-B87EC3967FE8}"
EndProject
Project("{2150E333-8FDC-42A3-9474-1A3956D46DE8}") = "papildomiUzdaviniai", "papildomiUzdaviniai", "{9852E2F8-598E-4BE7-A988-3FFFCB603AA3}"
EndProject
Project("{FAE04EC0-301F-11D3-BF4B-00C04F79EFBC}") = "skaitmenuUzdaviniai", "skaitmenuUzdaviniai\skaitmenuUzdaviniai.csproj", "{AB083B5A-1242-4670-9AC1-CC71F3A0ADAF}"
EndProject
Project("{FAE04EC0-301F-11D3-BF4B-00C04F79EFBC}") = "test", "test\test.csproj", "{6C75F34E-4497-457A-9B32-8226CD05B6F0}"
EndProject
Project("{FAE04EC0-301F-11D3-BF4B-00C04F79EFBC}") = "salygosSakinys", "salygosSakinys\salygosSakinys.csproj", "{03605951-BD6B-492E-B374-CFA965AE0C52}"
EndProject
Project("{FAE04EC0-301F-11D3-BF4B-00C04F79EFBC}") = "demo", "demo\demo.csproj", "{6BFF6BD2-CC83-4447-92C1-4ECBCD354FDC}"
EndProject
Project("{FAE04EC0-301F-11D3-BF4B-00C04F79EFBC}") = "uzduotis17", "uzduotis17\uzduotis17.csproj", "{E68A3206-1C38-4F13-830D-34EA3E54D599}"
EndProject
Project("{FAE04EC0-301F-11D3-BF4B-00C04F79EFBC}") = "2pdf99ND3", "2pdf99ND3\2pdf99ND3.csproj", "{1D74430D-54F0-4017-B383-747F8772D98D}"
EndProject
Project("{FAE04EC0-301F-11D3-BF4B-00C04F79EFBC}") = "masyvuPvz", "masyvuPvz\masyvuPvz.csproj", "{A107DAB1-FF50-42F7-AB50-65C2A4876889}"
EndProject
Project("{FAE04EC0-301F-11D3-BF4B-00C04F79EFBC}") = "uzduotis18", "uzduotis18\uzduotis18.csproj", "{85522CE9-4403-49F9-976D-F63041B903C5}"
EndProject
Project("{FAE04EC0-301F-11D3-BF4B-00C04F79EFBC}") = "uzduotis19", "uzduotis19\uzduotis19.csproj", "{0425FEFB-3381-4F18-9CA7-5891F339B18C}"
EndProject
Project("{2150E333-8FDC-42A3-9474-1A3956D46DE8}") = "10List", "10List", "{F601F2B2-9AF5-40F0-B5DD-740784CCD3A6}"
EndProject
Project("{FAE04EC0-301F-11D3-BF4B-00C04F79EFBC}") = "20 uzduotis", "20 uzduotis\20 uzduotis.csproj", "{192148EB-B88D-492B-8171-7B156F333F18}"
EndProject
Project("{FAE04EC0-301F-11D3-BF4B-00C04F79EFBC}") = "21uzduotis", "21uzduotis\21uzduotis.csproj", "{5EAEBA97-DAA3-4678-9D0E-0147C0D4CEC3}"
EndProject
Project("{2150E333-8FDC-42A3-9474-1A3956D46DE8}") = "11methods", "11methods", "{DF69F071-F4AC-4D5E-9B9B-E2759A1D849D}"
EndProject
Project("{FAE04EC0-301F-11D3-BF4B-00C04F79EFBC}") = "22uzduotis", "22uzduotis\22uzduotis.csproj", "{0EE513B0-FEA6-46D9-A1B4-05A1227502E3}"
EndProject
Project("{FAE04EC0-301F-11D3-BF4B-00C04F79EFBC}") = "tiesiniaiAlgoritmai", "tiesiniaiAlgoritmai\tiesiniaiAlgoritmai.csproj", "{CE90299C-F974-4828-A04C-45410B31C345}"
EndProject
Project("{FAE04EC0-301F-11D3-BF4B-00C04F79EFBC}") = "uzduotis23", "uzduotis23\uzduotis23.csproj", "{2E748E8E-BD6D-46E7-AA1A-159456D8FD54}"
EndProject
Project("{FAE04EC0-301F-11D3-BF4B-00C04F79EFBC}") = "uzduotis24", "uzduotis24\uzduotis24.csproj", "{7EC5BF93-7B83-4FC5-A43E-89A20C33735F}"
EndProject
Project("{FAE04EC0-301F-11D3-BF4B-00C04F79EFBC}") = "uzduotis25", "uzduotis25\uzduotis25.csproj", "{1EC3EE15-CFB3-4137-A473-2FCDD650B7FA}"
EndProject
Project("{2150E333-8FDC-42A3-9474-1A3956D46DE8}") = "12Class", "12Class", "{525D8409-58A5-4A21-BA2C-A094CEB48A32}"
EndProject
Project("{FAE04EC0-301F-11D3-BF4B-00C04F79EFBC}") = "ClassDemo", "ClassDemo\ClassDemo.csproj", "{47B65BE6-08AA-4E43-B250-21563021D057}"
EndProject
Project("{FAE04EC0-301F-11D3-BF4B-00C04F79EFBC}") = "classDemo2", "classDemo2\classDemo2.csproj", "{D98509E6-110D-45D0-A972-978FE88BF366}"
EndProject
Project("{FAE04EC0-301F-11D3-BF4B-00C04F79EFBC}") = "manoDemo", "manoDemo\manoDemo.csproj", "{44B95B36-1787-4DEF-A63A-A71710F799A2}"
EndProject
Project("{FAE04EC0-301F-11D3-BF4B-00C04F79EFBC}") = "uzduotis26", "uzduotis26\uzduotis26.csproj", "{D3EB9C9F-0449-4B60-B0DB-49D530448EFA}"
EndProject
Project("{FAE04EC0-301F-11D3-BF4B-00C04F79EFBC}") = "uzduotis27", "uzduotis27\uzduotis27.csproj", "{9A463DFF-B2A1-4B2D-9CC1-486682F87D9C}"
EndProject
Project("{FAE04EC0-301F-11D3-BF4B-00C04F79EFBC}") = "salygosUzdaviniai2", "salygosUzdaviniai2\salygosUzdaviniai2.csproj", "{6428E134-B00A-462A-96EF-ACA7A61F0543}"
EndProject
Project("{FAE04EC0-301F-11D3-BF4B-00C04F79EFBC}") = "uzduotis28", "uzduotis28\uzduotis28.csproj", "{2FDBA8D1-7D20-4164-B912-9B1C2D429F1F}"
EndProject
Project("{FAE04EC0-301F-11D3-BF4B-00C04F79EFBC}") = "uzduotis29", "uzduotis29\uzduotis29.csproj", "{5030A29D-FD16-456D-8D7B-179182256F9E}"
EndProject
Project("{FAE04EC0-301F-11D3-BF4B-00C04F79EFBC}") = "uzduotis30", "uzduotis30\uzduotis30.csproj", "{3B6388D7-3645-420B-B4CC-48E0DD5FF2BB}"
EndProject
Global
	GlobalSection(SolutionConfigurationPlatforms) = preSolution
		Debug|Any CPU = Debug|Any CPU
		Release|Any CPU = Release|Any CPU
	EndGlobalSection
	GlobalSection(ProjectConfigurationPlatforms) = postSolution
		{3B6E5B39-1DD6-4A08-97EE-3FF70C06FBC1}.Debug|Any CPU.ActiveCfg = Debug|Any CPU
		{3B6E5B39-1DD6-4A08-97EE-3FF70C06FBC1}.Debug|Any CPU.Build.0 = Debug|Any CPU
		{3B6E5B39-1DD6-4A08-97EE-3FF70C06FBC1}.Release|Any CPU.ActiveCfg = Release|Any CPU
		{3B6E5B39-1DD6-4A08-97EE-3FF70C06FBC1}.Release|Any CPU.Build.0 = Release|Any CPU
		{CDBB4F07-A533-4A97-8704-6CB26588C8C8}.Debug|Any CPU.ActiveCfg = Debug|Any CPU
		{CDBB4F07-A533-4A97-8704-6CB26588C8C8}.Debug|Any CPU.Build.0 = Debug|Any CPU
		{CDBB4F07-A533-4A97-8704-6CB26588C8C8}.Release|Any CPU.ActiveCfg = Release|Any CPU
		{CDBB4F07-A533-4A97-8704-6CB26588C8C8}.Release|Any CPU.Build.0 = Release|Any CPU
		{60730376-81EF-45C9-BD0E-4F88904B5534}.Debug|Any CPU.ActiveCfg = Debug|Any CPU
		{60730376-81EF-45C9-BD0E-4F88904B5534}.Debug|Any CPU.Build.0 = Debug|Any CPU
		{60730376-81EF-45C9-BD0E-4F88904B5534}.Release|Any CPU.ActiveCfg = Release|Any CPU
		{60730376-81EF-45C9-BD0E-4F88904B5534}.Release|Any CPU.Build.0 = Release|Any CPU
		{77FC6863-2087-4076-9BA2-6CD4CFD75909}.Debug|Any CPU.ActiveCfg = Debug|Any CPU
		{77FC6863-2087-4076-9BA2-6CD4CFD75909}.Debug|Any CPU.Build.0 = Debug|Any CPU
		{77FC6863-2087-4076-9BA2-6CD4CFD75909}.Release|Any CPU.ActiveCfg = Release|Any CPU
		{77FC6863-2087-4076-9BA2-6CD4CFD75909}.Release|Any CPU.Build.0 = Release|Any CPU
		{3984C929-CB32-4BA4-9774-8E448B02E807}.Debug|Any CPU.ActiveCfg = Debug|Any CPU
		{3984C929-CB32-4BA4-9774-8E448B02E807}.Debug|Any CPU.Build.0 = Debug|Any CPU
		{3984C929-CB32-4BA4-9774-8E448B02E807}.Release|Any CPU.ActiveCfg = Release|Any CPU
		{3984C929-CB32-4BA4-9774-8E448B02E807}.Release|Any CPU.Build.0 = Release|Any CPU
		{97880CC5-7D15-4205-A248-830FDEF2055E}.Debug|Any CPU.ActiveCfg = Debug|Any CPU
		{97880CC5-7D15-4205-A248-830FDEF2055E}.Debug|Any CPU.Build.0 = Debug|Any CPU
		{97880CC5-7D15-4205-A248-830FDEF2055E}.Release|Any CPU.ActiveCfg = Release|Any CPU
		{97880CC5-7D15-4205-A248-830FDEF2055E}.Release|Any CPU.Build.0 = Release|Any CPU
		{C224B670-F1FD-42B6-9693-E57C33F46DE2}.Debug|Any CPU.ActiveCfg = Debug|Any CPU
		{C224B670-F1FD-42B6-9693-E57C33F46DE2}.Debug|Any CPU.Build.0 = Debug|Any CPU
		{C224B670-F1FD-42B6-9693-E57C33F46DE2}.Release|Any CPU.ActiveCfg = Release|Any CPU
		{C224B670-F1FD-42B6-9693-E57C33F46DE2}.Release|Any CPU.Build.0 = Release|Any CPU
		{8471A8CA-5FF0-46AA-87C8-574077D74A7C}.Debug|Any CPU.ActiveCfg = Debug|Any CPU
		{8471A8CA-5FF0-46AA-87C8-574077D74A7C}.Debug|Any CPU.Build.0 = Debug|Any CPU
		{8471A8CA-5FF0-46AA-87C8-574077D74A7C}.Release|Any CPU.ActiveCfg = Release|Any CPU
		{8471A8CA-5FF0-46AA-87C8-574077D74A7C}.Release|Any CPU.Build.0 = Release|Any CPU
		{CA036E5D-9BBE-4261-920A-5044C4ACA14D}.Debug|Any CPU.ActiveCfg = Debug|Any CPU
		{CA036E5D-9BBE-4261-920A-5044C4ACA14D}.Debug|Any CPU.Build.0 = Debug|Any CPU
		{CA036E5D-9BBE-4261-920A-5044C4ACA14D}.Release|Any CPU.ActiveCfg = Release|Any CPU
		{CA036E5D-9BBE-4261-920A-5044C4ACA14D}.Release|Any CPU.Build.0 = Release|Any CPU
		{6D28CB6A-8E0D-4D89-98B6-F4D1CE17CC42}.Debug|Any CPU.ActiveCfg = Debug|Any CPU
		{6D28CB6A-8E0D-4D89-98B6-F4D1CE17CC42}.Debug|Any CPU.Build.0 = Debug|Any CPU
		{6D28CB6A-8E0D-4D89-98B6-F4D1CE17CC42}.Release|Any CPU.ActiveCfg = Release|Any CPU
		{6D28CB6A-8E0D-4D89-98B6-F4D1CE17CC42}.Release|Any CPU.Build.0 = Release|Any CPU
		{86CB409B-EEE1-4140-8A7E-4FA59ACB6F55}.Debug|Any CPU.ActiveCfg = Debug|Any CPU
		{86CB409B-EEE1-4140-8A7E-4FA59ACB6F55}.Debug|Any CPU.Build.0 = Debug|Any CPU
		{86CB409B-EEE1-4140-8A7E-4FA59ACB6F55}.Release|Any CPU.ActiveCfg = Release|Any CPU
		{86CB409B-EEE1-4140-8A7E-4FA59ACB6F55}.Release|Any CPU.Build.0 = Release|Any CPU
		{501F4E3F-656F-407B-984C-332206017EAD}.Debug|Any CPU.ActiveCfg = Debug|Any CPU
		{501F4E3F-656F-407B-984C-332206017EAD}.Debug|Any CPU.Build.0 = Debug|Any CPU
		{501F4E3F-656F-407B-984C-332206017EAD}.Release|Any CPU.ActiveCfg = Release|Any CPU
		{501F4E3F-656F-407B-984C-332206017EAD}.Release|Any CPU.Build.0 = Release|Any CPU
		{198FA81B-9E0C-47C8-B6C1-DA016C327E1E}.Debug|Any CPU.ActiveCfg = Debug|Any CPU
		{198FA81B-9E0C-47C8-B6C1-DA016C327E1E}.Debug|Any CPU.Build.0 = Debug|Any CPU
		{198FA81B-9E0C-47C8-B6C1-DA016C327E1E}.Release|Any CPU.ActiveCfg = Release|Any CPU
		{198FA81B-9E0C-47C8-B6C1-DA016C327E1E}.Release|Any CPU.Build.0 = Release|Any CPU
		{E96C606F-5D72-496C-BF4C-47C639C8669D}.Debug|Any CPU.ActiveCfg = Debug|Any CPU
		{E96C606F-5D72-496C-BF4C-47C639C8669D}.Debug|Any CPU.Build.0 = Debug|Any CPU
		{E96C606F-5D72-496C-BF4C-47C639C8669D}.Release|Any CPU.ActiveCfg = Release|Any CPU
		{E96C606F-5D72-496C-BF4C-47C639C8669D}.Release|Any CPU.Build.0 = Release|Any CPU
		{C1090E4D-14CC-4372-9979-10EB79EE7A70}.Debug|Any CPU.ActiveCfg = Debug|Any CPU
		{C1090E4D-14CC-4372-9979-10EB79EE7A70}.Debug|Any CPU.Build.0 = Debug|Any CPU
		{C1090E4D-14CC-4372-9979-10EB79EE7A70}.Release|Any CPU.ActiveCfg = Release|Any CPU
		{C1090E4D-14CC-4372-9979-10EB79EE7A70}.Release|Any CPU.Build.0 = Release|Any CPU
		{C47A2C7C-459C-49BA-ACB2-973D3B456C2C}.Debug|Any CPU.ActiveCfg = Debug|Any CPU
		{C47A2C7C-459C-49BA-ACB2-973D3B456C2C}.Debug|Any CPU.Build.0 = Debug|Any CPU
		{C47A2C7C-459C-49BA-ACB2-973D3B456C2C}.Release|Any CPU.ActiveCfg = Release|Any CPU
		{C47A2C7C-459C-49BA-ACB2-973D3B456C2C}.Release|Any CPU.Build.0 = Release|Any CPU
		{E79A60E1-027B-491B-B836-C92ECF601352}.Debug|Any CPU.ActiveCfg = Debug|Any CPU
		{E79A60E1-027B-491B-B836-C92ECF601352}.Debug|Any CPU.Build.0 = Debug|Any CPU
		{E79A60E1-027B-491B-B836-C92ECF601352}.Release|Any CPU.ActiveCfg = Release|Any CPU
		{E79A60E1-027B-491B-B836-C92ECF601352}.Release|Any CPU.Build.0 = Release|Any CPU
		{46F515C2-C7C1-4800-BE09-D73FC6CB467B}.Debug|Any CPU.ActiveCfg = Debug|Any CPU
		{46F515C2-C7C1-4800-BE09-D73FC6CB467B}.Debug|Any CPU.Build.0 = Debug|Any CPU
		{46F515C2-C7C1-4800-BE09-D73FC6CB467B}.Release|Any CPU.ActiveCfg = Release|Any CPU
		{46F515C2-C7C1-4800-BE09-D73FC6CB467B}.Release|Any CPU.Build.0 = Release|Any CPU
		{D482822A-4E9B-4AEA-908B-AD8704E8F14B}.Debug|Any CPU.ActiveCfg = Debug|Any CPU
		{D482822A-4E9B-4AEA-908B-AD8704E8F14B}.Debug|Any CPU.Build.0 = Debug|Any CPU
		{D482822A-4E9B-4AEA-908B-AD8704E8F14B}.Release|Any CPU.ActiveCfg = Release|Any CPU
		{D482822A-4E9B-4AEA-908B-AD8704E8F14B}.Release|Any CPU.Build.0 = Release|Any CPU
		{B82F5877-64D7-459E-9B1F-C98E23043DD2}.Debug|Any CPU.ActiveCfg = Debug|Any CPU
		{B82F5877-64D7-459E-9B1F-C98E23043DD2}.Debug|Any CPU.Build.0 = Debug|Any CPU
		{B82F5877-64D7-459E-9B1F-C98E23043DD2}.Release|Any CPU.ActiveCfg = Release|Any CPU
		{B82F5877-64D7-459E-9B1F-C98E23043DD2}.Release|Any CPU.Build.0 = Release|Any CPU
		{5960D202-06D6-4D97-87DD-B0B64C104B74}.Debug|Any CPU.ActiveCfg = Debug|Any CPU
		{5960D202-06D6-4D97-87DD-B0B64C104B74}.Debug|Any CPU.Build.0 = Debug|Any CPU
		{5960D202-06D6-4D97-87DD-B0B64C104B74}.Release|Any CPU.ActiveCfg = Release|Any CPU
		{5960D202-06D6-4D97-87DD-B0B64C104B74}.Release|Any CPU.Build.0 = Release|Any CPU
		{7667DF38-5C2B-4D6D-940B-21E75FCCD342}.Debug|Any CPU.ActiveCfg = Debug|Any CPU
		{7667DF38-5C2B-4D6D-940B-21E75FCCD342}.Debug|Any CPU.Build.0 = Debug|Any CPU
		{7667DF38-5C2B-4D6D-940B-21E75FCCD342}.Release|Any CPU.ActiveCfg = Release|Any CPU
		{7667DF38-5C2B-4D6D-940B-21E75FCCD342}.Release|Any CPU.Build.0 = Release|Any CPU
		{BAA4959A-FB40-406D-B867-428FE9EEAD4B}.Debug|Any CPU.ActiveCfg = Debug|Any CPU
		{BAA4959A-FB40-406D-B867-428FE9EEAD4B}.Debug|Any CPU.Build.0 = Debug|Any CPU
		{BAA4959A-FB40-406D-B867-428FE9EEAD4B}.Release|Any CPU.ActiveCfg = Release|Any CPU
		{BAA4959A-FB40-406D-B867-428FE9EEAD4B}.Release|Any CPU.Build.0 = Release|Any CPU
		{3FA40DBA-9C62-45A2-B6CA-F9F5D319BF69}.Debug|Any CPU.ActiveCfg = Debug|Any CPU
		{3FA40DBA-9C62-45A2-B6CA-F9F5D319BF69}.Debug|Any CPU.Build.0 = Debug|Any CPU
		{3FA40DBA-9C62-45A2-B6CA-F9F5D319BF69}.Release|Any CPU.ActiveCfg = Release|Any CPU
		{3FA40DBA-9C62-45A2-B6CA-F9F5D319BF69}.Release|Any CPU.Build.0 = Release|Any CPU
		{0DBDDA78-BEE3-4501-B68E-B87EC3967FE8}.Debug|Any CPU.ActiveCfg = Debug|Any CPU
		{0DBDDA78-BEE3-4501-B68E-B87EC3967FE8}.Debug|Any CPU.Build.0 = Debug|Any CPU
		{0DBDDA78-BEE3-4501-B68E-B87EC3967FE8}.Release|Any CPU.ActiveCfg = Release|Any CPU
		{0DBDDA78-BEE3-4501-B68E-B87EC3967FE8}.Release|Any CPU.Build.0 = Release|Any CPU
		{AB083B5A-1242-4670-9AC1-CC71F3A0ADAF}.Debug|Any CPU.ActiveCfg = Debug|Any CPU
		{AB083B5A-1242-4670-9AC1-CC71F3A0ADAF}.Debug|Any CPU.Build.0 = Debug|Any CPU
		{AB083B5A-1242-4670-9AC1-CC71F3A0ADAF}.Release|Any CPU.ActiveCfg = Release|Any CPU
		{AB083B5A-1242-4670-9AC1-CC71F3A0ADAF}.Release|Any CPU.Build.0 = Release|Any CPU
		{6C75F34E-4497-457A-9B32-8226CD05B6F0}.Debug|Any CPU.ActiveCfg = Debug|Any CPU
		{6C75F34E-4497-457A-9B32-8226CD05B6F0}.Debug|Any CPU.Build.0 = Debug|Any CPU
		{6C75F34E-4497-457A-9B32-8226CD05B6F0}.Release|Any CPU.ActiveCfg = Release|Any CPU
		{6C75F34E-4497-457A-9B32-8226CD05B6F0}.Release|Any CPU.Build.0 = Release|Any CPU
		{03605951-BD6B-492E-B374-CFA965AE0C52}.Debug|Any CPU.ActiveCfg = Debug|Any CPU
		{03605951-BD6B-492E-B374-CFA965AE0C52}.Debug|Any CPU.Build.0 = Debug|Any CPU
		{03605951-BD6B-492E-B374-CFA965AE0C52}.Release|Any CPU.ActiveCfg = Release|Any CPU
		{03605951-BD6B-492E-B374-CFA965AE0C52}.Release|Any CPU.Build.0 = Release|Any CPU
		{6BFF6BD2-CC83-4447-92C1-4ECBCD354FDC}.Debug|Any CPU.ActiveCfg = Debug|Any CPU
		{6BFF6BD2-CC83-4447-92C1-4ECBCD354FDC}.Debug|Any CPU.Build.0 = Debug|Any CPU
		{6BFF6BD2-CC83-4447-92C1-4ECBCD354FDC}.Release|Any CPU.ActiveCfg = Release|Any CPU
		{6BFF6BD2-CC83-4447-92C1-4ECBCD354FDC}.Release|Any CPU.Build.0 = Release|Any CPU
		{E68A3206-1C38-4F13-830D-34EA3E54D599}.Debug|Any CPU.ActiveCfg = Debug|Any CPU
		{E68A3206-1C38-4F13-830D-34EA3E54D599}.Debug|Any CPU.Build.0 = Debug|Any CPU
		{E68A3206-1C38-4F13-830D-34EA3E54D599}.Release|Any CPU.ActiveCfg = Release|Any CPU
		{E68A3206-1C38-4F13-830D-34EA3E54D599}.Release|Any CPU.Build.0 = Release|Any CPU
		{1D74430D-54F0-4017-B383-747F8772D98D}.Debug|Any CPU.ActiveCfg = Debug|Any CPU
		{1D74430D-54F0-4017-B383-747F8772D98D}.Debug|Any CPU.Build.0 = Debug|Any CPU
		{1D74430D-54F0-4017-B383-747F8772D98D}.Release|Any CPU.ActiveCfg = Release|Any CPU
		{1D74430D-54F0-4017-B383-747F8772D98D}.Release|Any CPU.Build.0 = Release|Any CPU
		{A107DAB1-FF50-42F7-AB50-65C2A4876889}.Debug|Any CPU.ActiveCfg = Debug|Any CPU
		{A107DAB1-FF50-42F7-AB50-65C2A4876889}.Debug|Any CPU.Build.0 = Debug|Any CPU
		{A107DAB1-FF50-42F7-AB50-65C2A4876889}.Release|Any CPU.ActiveCfg = Release|Any CPU
		{A107DAB1-FF50-42F7-AB50-65C2A4876889}.Release|Any CPU.Build.0 = Release|Any CPU
		{85522CE9-4403-49F9-976D-F63041B903C5}.Debug|Any CPU.ActiveCfg = Debug|Any CPU
		{85522CE9-4403-49F9-976D-F63041B903C5}.Debug|Any CPU.Build.0 = Debug|Any CPU
		{85522CE9-4403-49F9-976D-F63041B903C5}.Release|Any CPU.ActiveCfg = Release|Any CPU
		{85522CE9-4403-49F9-976D-F63041B903C5}.Release|Any CPU.Build.0 = Release|Any CPU
		{0425FEFB-3381-4F18-9CA7-5891F339B18C}.Debug|Any CPU.ActiveCfg = Debug|Any CPU
		{0425FEFB-3381-4F18-9CA7-5891F339B18C}.Debug|Any CPU.Build.0 = Debug|Any CPU
		{0425FEFB-3381-4F18-9CA7-5891F339B18C}.Release|Any CPU.ActiveCfg = Release|Any CPU
		{0425FEFB-3381-4F18-9CA7-5891F339B18C}.Release|Any CPU.Build.0 = Release|Any CPU
		{192148EB-B88D-492B-8171-7B156F333F18}.Debug|Any CPU.ActiveCfg = Debug|Any CPU
		{192148EB-B88D-492B-8171-7B156F333F18}.Debug|Any CPU.Build.0 = Debug|Any CPU
		{192148EB-B88D-492B-8171-7B156F333F18}.Release|Any CPU.ActiveCfg = Release|Any CPU
		{192148EB-B88D-492B-8171-7B156F333F18}.Release|Any CPU.Build.0 = Release|Any CPU
		{5EAEBA97-DAA3-4678-9D0E-0147C0D4CEC3}.Debug|Any CPU.ActiveCfg = Debug|Any CPU
		{5EAEBA97-DAA3-4678-9D0E-0147C0D4CEC3}.Debug|Any CPU.Build.0 = Debug|Any CPU
		{5EAEBA97-DAA3-4678-9D0E-0147C0D4CEC3}.Release|Any CPU.ActiveCfg = Release|Any CPU
		{5EAEBA97-DAA3-4678-9D0E-0147C0D4CEC3}.Release|Any CPU.Build.0 = Release|Any CPU
		{0EE513B0-FEA6-46D9-A1B4-05A1227502E3}.Debug|Any CPU.ActiveCfg = Debug|Any CPU
		{0EE513B0-FEA6-46D9-A1B4-05A1227502E3}.Debug|Any CPU.Build.0 = Debug|Any CPU
		{0EE513B0-FEA6-46D9-A1B4-05A1227502E3}.Release|Any CPU.ActiveCfg = Release|Any CPU
		{0EE513B0-FEA6-46D9-A1B4-05A1227502E3}.Release|Any CPU.Build.0 = Release|Any CPU
		{CE90299C-F974-4828-A04C-45410B31C345}.Debug|Any CPU.ActiveCfg = Debug|Any CPU
		{CE90299C-F974-4828-A04C-45410B31C345}.Debug|Any CPU.Build.0 = Debug|Any CPU
		{CE90299C-F974-4828-A04C-45410B31C345}.Release|Any CPU.ActiveCfg = Release|Any CPU
		{CE90299C-F974-4828-A04C-45410B31C345}.Release|Any CPU.Build.0 = Release|Any CPU
		{2E748E8E-BD6D-46E7-AA1A-159456D8FD54}.Debug|Any CPU.ActiveCfg = Debug|Any CPU
		{2E748E8E-BD6D-46E7-AA1A-159456D8FD54}.Debug|Any CPU.Build.0 = Debug|Any CPU
		{2E748E8E-BD6D-46E7-AA1A-159456D8FD54}.Release|Any CPU.ActiveCfg = Release|Any CPU
		{2E748E8E-BD6D-46E7-AA1A-159456D8FD54}.Release|Any CPU.Build.0 = Release|Any CPU
		{7EC5BF93-7B83-4FC5-A43E-89A20C33735F}.Debug|Any CPU.ActiveCfg = Debug|Any CPU
		{7EC5BF93-7B83-4FC5-A43E-89A20C33735F}.Debug|Any CPU.Build.0 = Debug|Any CPU
		{7EC5BF93-7B83-4FC5-A43E-89A20C33735F}.Release|Any CPU.ActiveCfg = Release|Any CPU
		{7EC5BF93-7B83-4FC5-A43E-89A20C33735F}.Release|Any CPU.Build.0 = Release|Any CPU
		{1EC3EE15-CFB3-4137-A473-2FCDD650B7FA}.Debug|Any CPU.ActiveCfg = Debug|Any CPU
		{1EC3EE15-CFB3-4137-A473-2FCDD650B7FA}.Debug|Any CPU.Build.0 = Debug|Any CPU
		{1EC3EE15-CFB3-4137-A473-2FCDD650B7FA}.Release|Any CPU.ActiveCfg = Release|Any CPU
		{1EC3EE15-CFB3-4137-A473-2FCDD650B7FA}.Release|Any CPU.Build.0 = Release|Any CPU
		{47B65BE6-08AA-4E43-B250-21563021D057}.Debug|Any CPU.ActiveCfg = Debug|Any CPU
		{47B65BE6-08AA-4E43-B250-21563021D057}.Debug|Any CPU.Build.0 = Debug|Any CPU
		{47B65BE6-08AA-4E43-B250-21563021D057}.Release|Any CPU.ActiveCfg = Release|Any CPU
		{47B65BE6-08AA-4E43-B250-21563021D057}.Release|Any CPU.Build.0 = Release|Any CPU
		{D98509E6-110D-45D0-A972-978FE88BF366}.Debug|Any CPU.ActiveCfg = Debug|Any CPU
		{D98509E6-110D-45D0-A972-978FE88BF366}.Debug|Any CPU.Build.0 = Debug|Any CPU
		{D98509E6-110D-45D0-A972-978FE88BF366}.Release|Any CPU.ActiveCfg = Release|Any CPU
		{D98509E6-110D-45D0-A972-978FE88BF366}.Release|Any CPU.Build.0 = Release|Any CPU
		{44B95B36-1787-4DEF-A63A-A71710F799A2}.Debug|Any CPU.ActiveCfg = Debug|Any CPU
		{44B95B36-1787-4DEF-A63A-A71710F799A2}.Debug|Any CPU.Build.0 = Debug|Any CPU
		{44B95B36-1787-4DEF-A63A-A71710F799A2}.Release|Any CPU.ActiveCfg = Release|Any CPU
		{44B95B36-1787-4DEF-A63A-A71710F799A2}.Release|Any CPU.Build.0 = Release|Any CPU
		{D3EB9C9F-0449-4B60-B0DB-49D530448EFA}.Debug|Any CPU.ActiveCfg = Debug|Any CPU
		{D3EB9C9F-0449-4B60-B0DB-49D530448EFA}.Debug|Any CPU.Build.0 = Debug|Any CPU
		{D3EB9C9F-0449-4B60-B0DB-49D530448EFA}.Release|Any CPU.ActiveCfg = Release|Any CPU
		{D3EB9C9F-0449-4B60-B0DB-49D530448EFA}.Release|Any CPU.Build.0 = Release|Any CPU
		{9A463DFF-B2A1-4B2D-9CC1-486682F87D9C}.Debug|Any CPU.ActiveCfg = Debug|Any CPU
		{9A463DFF-B2A1-4B2D-9CC1-486682F87D9C}.Debug|Any CPU.Build.0 = Debug|Any CPU
		{9A463DFF-B2A1-4B2D-9CC1-486682F87D9C}.Release|Any CPU.ActiveCfg = Release|Any CPU
		{9A463DFF-B2A1-4B2D-9CC1-486682F87D9C}.Release|Any CPU.Build.0 = Release|Any CPU
		{6428E134-B00A-462A-96EF-ACA7A61F0543}.Debug|Any CPU.ActiveCfg = Debug|Any CPU
		{6428E134-B00A-462A-96EF-ACA7A61F0543}.Debug|Any CPU.Build.0 = Debug|Any CPU
		{6428E134-B00A-462A-96EF-ACA7A61F0543}.Release|Any CPU.ActiveCfg = Release|Any CPU
		{6428E134-B00A-462A-96EF-ACA7A61F0543}.Release|Any CPU.Build.0 = Release|Any CPU
		{2FDBA8D1-7D20-4164-B912-9B1C2D429F1F}.Debug|Any CPU.ActiveCfg = Debug|Any CPU
		{2FDBA8D1-7D20-4164-B912-9B1C2D429F1F}.Debug|Any CPU.Build.0 = Debug|Any CPU
		{2FDBA8D1-7D20-4164-B912-9B1C2D429F1F}.Release|Any CPU.ActiveCfg = Release|Any CPU
		{2FDBA8D1-7D20-4164-B912-9B1C2D429F1F}.Release|Any CPU.Build.0 = Release|Any CPU
		{5030A29D-FD16-456D-8D7B-179182256F9E}.Debug|Any CPU.ActiveCfg = Debug|Any CPU
		{5030A29D-FD16-456D-8D7B-179182256F9E}.Debug|Any CPU.Build.0 = Debug|Any CPU
		{5030A29D-FD16-456D-8D7B-179182256F9E}.Release|Any CPU.ActiveCfg = Release|Any CPU
		{5030A29D-FD16-456D-8D7B-179182256F9E}.Release|Any CPU.Build.0 = Release|Any CPU
		{3B6388D7-3645-420B-B4CC-48E0DD5FF2BB}.Debug|Any CPU.ActiveCfg = Debug|Any CPU
		{3B6388D7-3645-420B-B4CC-48E0DD5FF2BB}.Debug|Any CPU.Build.0 = Debug|Any CPU
		{3B6388D7-3645-420B-B4CC-48E0DD5FF2BB}.Release|Any CPU.ActiveCfg = Release|Any CPU
		{3B6388D7-3645-420B-B4CC-48E0DD5FF2BB}.Release|Any CPU.Build.0 = Release|Any CPU
	EndGlobalSection
	GlobalSection(SolutionProperties) = preSolution
		HideSolutionNode = FALSE
	EndGlobalSection
	GlobalSection(NestedProjects) = preSolution
		{3B6E5B39-1DD6-4A08-97EE-3FF70C06FBC1} = {7BF1B990-7AE9-465F-B3F8-7370989FF247}
		{CDBB4F07-A533-4A97-8704-6CB26588C8C8} = {7BF1B990-7AE9-465F-B3F8-7370989FF247}
		{60730376-81EF-45C9-BD0E-4F88904B5534} = {FC8B9680-4141-48FE-96BC-04B737902AB8}
		{77FC6863-2087-4076-9BA2-6CD4CFD75909} = {D0A2B3B0-6EC5-457A-8AB4-16C4B1A00298}
		{3984C929-CB32-4BA4-9774-8E448B02E807} = {D0A2B3B0-6EC5-457A-8AB4-16C4B1A00298}
		{97880CC5-7D15-4205-A248-830FDEF2055E} = {FC8B9680-4141-48FE-96BC-04B737902AB8}
		{C224B670-F1FD-42B6-9693-E57C33F46DE2} = {FC8B9680-4141-48FE-96BC-04B737902AB8}
		{8471A8CA-5FF0-46AA-87C8-574077D74A7C} = {FF68B406-2101-47F6-9AA7-11E6C5CCFD2C}
		{CA036E5D-9BBE-4261-920A-5044C4ACA14D} = {33ADF513-3524-4BC5-9B5E-8D4E1FDC60BE}
		{6D28CB6A-8E0D-4D89-98B6-F4D1CE17CC42} = {33ADF513-3524-4BC5-9B5E-8D4E1FDC60BE}
		{86CB409B-EEE1-4140-8A7E-4FA59ACB6F55} = {FF68B406-2101-47F6-9AA7-11E6C5CCFD2C}
		{501F4E3F-656F-407B-984C-332206017EAD} = {FC8B9680-4141-48FE-96BC-04B737902AB8}
		{198FA81B-9E0C-47C8-B6C1-DA016C327E1E} = {FC8B9680-4141-48FE-96BC-04B737902AB8}
		{E96C606F-5D72-496C-BF4C-47C639C8669D} = {7E809C27-DC36-4CE9-AE6C-3867796D979B}
		{C1090E4D-14CC-4372-9979-10EB79EE7A70} = {7E809C27-DC36-4CE9-AE6C-3867796D979B}
		{C47A2C7C-459C-49BA-ACB2-973D3B456C2C} = {7E809C27-DC36-4CE9-AE6C-3867796D979B}
		{E79A60E1-027B-491B-B836-C92ECF601352} = {7E809C27-DC36-4CE9-AE6C-3867796D979B}
		{46F515C2-C7C1-4800-BE09-D73FC6CB467B} = {E910E2B9-64DF-45A3-9BCE-19741469C845}
		{D482822A-4E9B-4AEA-908B-AD8704E8F14B} = {34B13925-09FC-4514-B9A3-A16BEBF2E469}
		{B82F5877-64D7-459E-9B1F-C98E23043DD2} = {E910E2B9-64DF-45A3-9BCE-19741469C845}
		{5960D202-06D6-4D97-87DD-B0B64C104B74} = {34B13925-09FC-4514-B9A3-A16BEBF2E469}
		{7667DF38-5C2B-4D6D-940B-21E75FCCD342} = {C7692155-2A99-4A31-BAD0-B91F681E20CA}
		{BAA4959A-FB40-406D-B867-428FE9EEAD4B} = {FC8B9680-4141-48FE-96BC-04B737902AB8}
		{3FA40DBA-9C62-45A2-B6CA-F9F5D319BF69} = {6DA7D768-2E58-4C88-AAA2-6B026A98FC1F}
		{0DBDDA78-BEE3-4501-B68E-B87EC3967FE8} = {FC8B9680-4141-48FE-96BC-04B737902AB8}
		{AB083B5A-1242-4670-9AC1-CC71F3A0ADAF} = {9852E2F8-598E-4BE7-A988-3FFFCB603AA3}
		{6C75F34E-4497-457A-9B32-8226CD05B6F0} = {FC8B9680-4141-48FE-96BC-04B737902AB8}
		{03605951-BD6B-492E-B374-CFA965AE0C52} = {9852E2F8-598E-4BE7-A988-3FFFCB603AA3}
		{6BFF6BD2-CC83-4447-92C1-4ECBCD354FDC} = {9852E2F8-598E-4BE7-A988-3FFFCB603AA3}
		{E68A3206-1C38-4F13-830D-34EA3E54D599} = {6DA7D768-2E58-4C88-AAA2-6B026A98FC1F}
		{1D74430D-54F0-4017-B383-747F8772D98D} = {FC8B9680-4141-48FE-96BC-04B737902AB8}
		{A107DAB1-FF50-42F7-AB50-65C2A4876889} = {FC8B9680-4141-48FE-96BC-04B737902AB8}
		{85522CE9-4403-49F9-976D-F63041B903C5} = {6DA7D768-2E58-4C88-AAA2-6B026A98FC1F}
		{0425FEFB-3381-4F18-9CA7-5891F339B18C} = {6DA7D768-2E58-4C88-AAA2-6B026A98FC1F}
		{192148EB-B88D-492B-8171-7B156F333F18} = {F601F2B2-9AF5-40F0-B5DD-740784CCD3A6}
		{5EAEBA97-DAA3-4678-9D0E-0147C0D4CEC3} = {F601F2B2-9AF5-40F0-B5DD-740784CCD3A6}
		{0EE513B0-FEA6-46D9-A1B4-05A1227502E3} = {DF69F071-F4AC-4D5E-9B9B-E2759A1D849D}
		{CE90299C-F974-4828-A04C-45410B31C345} = {9852E2F8-598E-4BE7-A988-3FFFCB603AA3}
		{2E748E8E-BD6D-46E7-AA1A-159456D8FD54} = {DF69F071-F4AC-4D5E-9B9B-E2759A1D849D}
		{7EC5BF93-7B83-4FC5-A43E-89A20C33735F} = {DF69F071-F4AC-4D5E-9B9B-E2759A1D849D}
		{1EC3EE15-CFB3-4137-A473-2FCDD650B7FA} = {DF69F071-F4AC-4D5E-9B9B-E2759A1D849D}
		{47B65BE6-08AA-4E43-B250-21563021D057} = {525D8409-58A5-4A21-BA2C-A094CEB48A32}
		{D98509E6-110D-45D0-A972-978FE88BF366} = {525D8409-58A5-4A21-BA2C-A094CEB48A32}
		{44B95B36-1787-4DEF-A63A-A71710F799A2} = {525D8409-58A5-4A21-BA2C-A094CEB48A32}
		{D3EB9C9F-0449-4B60-B0DB-49D530448EFA} = {DF69F071-F4AC-4D5E-9B9B-E2759A1D849D}
		{9A463DFF-B2A1-4B2D-9CC1-486682F87D9C} = {DF69F071-F4AC-4D5E-9B9B-E2759A1D849D}
		{6428E134-B00A-462A-96EF-ACA7A61F0543} = {9852E2F8-598E-4BE7-A988-3FFFCB603AA3}
		{2FDBA8D1-7D20-4164-B912-9B1C2D429F1F} = {525D8409-58A5-4A21-BA2C-A094CEB48A32}
		{5030A29D-FD16-456D-8D7B-179182256F9E} = {525D8409-58A5-4A21-BA2C-A094CEB48A32}
		{3B6388D7-3645-420B-B4CC-48E0DD5FF2BB} = {525D8409-58A5-4A21-BA2C-A094CEB48A32}
	EndGlobalSection
	GlobalSection(ExtensibilityGlobals) = postSolution
		SolutionGuid = {B43A30E3-F260-456F-83E4-DE7905A862E7}
	EndGlobalSection
EndGlobal
